
Microsoft Visual Studio Solution File, Format Version 12.00
# Visual Studio Version 17
VisualStudioVersion = 17.3.32929.385
MinimumVisualStudioVersion = 10.0.40219.1
Project("{FAE04EC0-301F-11D3-BF4B-00C04F79EFBC}") = "IS_6", "IS_6\IS_6.csproj", "{5485A808-23FD-44AA-9100-0FF666F4E32A}"
EndProject
Global
	GlobalSection(SolutionConfigurationPlatforms) = preSolution
		Debug|Any CPU = Debug|Any CPU
		Release|Any CPU = Release|Any CPU
	EndGlobalSection
	GlobalSection(ProjectConfigurationPlatforms) = postSolution
		{5485A808-23FD-44AA-9100-0FF666F4E32A}.Debug|Any CPU.ActiveCfg = Debug|Any CPU
		{5485A808-23FD-44AA-9100-0FF666F4E32A}.Debug|Any CPU.Build.0 = Debug|Any CPU
		{5485A808-23FD-44AA-9100-0FF666F4E32A}.Release|Any CPU.ActiveCfg = Release|Any CPU
		{5485A808-23FD-44AA-9100-0FF666F4E32A}.Release|Any CPU.Build.0 = Release|Any CPU
	EndGlobalSection
	GlobalSection(SolutionProperties) = preSolution
		HideSolutionNode = FALSE
	EndGlobalSection
	GlobalSection(ExtensibilityGlobals) = postSolution
		SolutionGuid = {550DEEB7-7FBA-406F-857F-923B13B78238}
	EndGlobalSection
EndGlobal
